{
  "name": "mean-stack-example",
  "version": "1.0.0",
  "lockfileVersion": 1,
  "requires": true,
  "dependencies": {
    "@babel/runtime": {
      "version": "7.21.0",
      "resolved": "https://registry.npmjs.org/@babel/runtime/-/runtime-7.21.0.tgz",
      "integrity": "sha512-xwII0//EObnq89Ji5AKYQaRYiW/nZ3llSv29d49IuxPhKbtJoLP+9QUUZ4nVragQVtaVGeZrpB+ZtG/Pdy/POw==",
      "requires": {
        "regenerator-runtime": "^0.13.11"
      }
    },
    "@fusioncharts/accessibility": {
      "version": "1.6.0",
      "resolved": "https://registry.npmjs.org/@fusioncharts/accessibility/-/accessibility-1.6.0.tgz",
      "integrity": "sha512-kkoLccajhS7sLGWT7c5mxVsAWg1DtOZavfFsPTkaeAvqHAHH01/V1IG7sk0egxfGzhMmm4d0swbxic00rOkcvg=="
    },
    "@fusioncharts/charts": {
      "version": "3.19.0",
      "resolved": "https://registry.npmjs.org/@fusioncharts/charts/-/charts-3.19.0.tgz",
      "integrity": "sha512-WyF8y9oB94FtD/L+t74mZ7+t0c7I2LBc30PpIafZxpozzjRYLm7Aci6BmEc1ovlho7yOVtSX7tiBKHIHxbLnXA==",
      "requires": {
        "@babel/runtime": "^7.9.2",
        "@fusioncharts/core": "^1.6.0",
        "@fusioncharts/features": "^1.6.0",
        "@fusioncharts/utils": "^1.6.0"
      }
    },
    "@fusioncharts/constructor": {
      "version": "1.6.0",
      "resolved": "https://registry.npmjs.org/@fusioncharts/constructor/-/constructor-1.6.0.tgz",
      "integrity": "sha512-ZT34E0TFai6ptd4jAsw9n/RcfEWVQv/3QglyoZ0B3TxKVRkpfNPJ8DIa5MmJkZlOhChRmrAdiP1UTT+e8KY2eA==",
      "requires": {
        "@babel/runtime": "^7.9.2",
        "@fusioncharts/core": "^1.6.0",
        "@fusioncharts/maps": "^3.19.0"
      }
    },
    "@fusioncharts/core": {
      "version": "1.6.0",
      "resolved": "https://registry.npmjs.org/@fusioncharts/core/-/core-1.6.0.tgz",
      "integrity": "sha512-hCjwmEqQUQBMQKCkSh7XNOLs+LjXSWiaoBORJwz5BDKEts7I+LRsLvzmy3HApx4fnTsJ1wStGH3w7OC4S2QC3w==",
      "requires": {
        "@babel/runtime": "^7.9.2",
        "@fusioncharts/utils": "^1.6.0",
        "core-js": "^3.0.1",
        "ramda": "^0.25.0"
      },
      "dependencies": {
        "core-js": {
          "version": "3.29.0",
          "resolved": "https://registry.npmjs.org/core-js/-/core-js-3.29.0.tgz",
          "integrity": "sha512-VG23vuEisJNkGl6XQmFJd3rEG/so/CNatqeE+7uZAwTSwFeB/qaO0be8xZYUNWprJ/GIwL8aMt9cj1kvbpTZhg=="
        }
      }
    },
    "@fusioncharts/datatable": {
      "version": "1.6.0",
      "resolved": "https://registry.npmjs.org/@fusioncharts/datatable/-/datatable-1.6.0.tgz",
      "integrity": "sha512-o2Ds8ZsxTtcFcbMZ0Kl/j8/r6qrgvdz97Q1bcSwf8Fb3nmk4Cf27+sRFhdhufUDcmiF7pfj4N20mftr2sWbjUg==",
      "requires": {
        "@babel/runtime": "^7.9.2",
        "@fusioncharts/utils": "^1.6.0"
      }
    },
    "@fusioncharts/features": {
      "version": "1.6.0",
      "resolved": "https://registry.npmjs.org/@fusioncharts/features/-/features-1.6.0.tgz",
      "integrity": "sha512-kCOWEPvyRL4njpHf46ZxbM7w58pmvOyRDnrzD+6DpdfsfdfawyCc3XzOjyEJZfbHR4iPwyxD8UwGvNf0ZCliaA==",
      "requires": {
        "@babel/runtime": "^7.9.2",
        "@fusioncharts/core": "^1.6.0",
        "@fusioncharts/utils": "^1.6.0",
        "jspdf": "^2.5.1"
      }
    },
    "@fusioncharts/fusiontime": {
      "version": "2.7.0",
      "resolved": "https://registry.npmjs.org/@fusioncharts/fusiontime/-/fusiontime-2.7.0.tgz",
      "integrity": "sha512-oelyZpxi/pe5nN/C1glvlEiSGqpNWvnCZG0BSaQf1E3PnNQb2UqfASmY38N3hQDBf1+msWNdFPRGcbjOJhC7kA==",
      "requires": {
        "@babel/runtime": "^7.9.2",
        "@fusioncharts/charts": "^3.19.0",
        "@fusioncharts/core": "^1.6.0",
        "@fusioncharts/datatable": "^1.6.0",
        "@fusioncharts/utils": "^1.6.0",
        "ramda": "^0.25.0"
      }
    },
    "@fusioncharts/maps": {
      "version": "3.19.0",
      "resolved": "https://registry.npmjs.org/@fusioncharts/maps/-/maps-3.19.0.tgz",
      "integrity": "sha512-ULfaiuFENPBGQXauqUU8rb9tUA7dYFIXRsd80hVjZWDaLOF6pTXVFjt3sEj9EGczMW2r9VsaqsJBtQbMWEc7JQ==",
      "requires": {
        "@babel/runtime": "^7.9.2",
        "@fusioncharts/charts": "^3.19.0",
        "@fusioncharts/core": "^1.6.0",
        "@fusioncharts/features": "^1.6.0"
      }
    },
    "@fusioncharts/powercharts": {
      "version": "3.19.0",
      "resolved": "https://registry.npmjs.org/@fusioncharts/powercharts/-/powercharts-3.19.0.tgz",
      "integrity": "sha512-Pb7DPxaoveD+z4rFbBdSn4qqUC9lKEnELvDCQfYWzi7t1n+XGMBYjTazmOHge6/JhN9WzHq30lAshh5uvPPM0Q==",
      "requires": {
        "@babel/runtime": "^7.9.2",
        "@fusioncharts/charts": "^3.19.0",
        "@fusioncharts/core": "^1.6.0",
        "@fusioncharts/utils": "^1.6.0"
      }
    },
    "@fusioncharts/utils": {
      "version": "1.6.0",
      "resolved": "https://registry.npmjs.org/@fusioncharts/utils/-/utils-1.6.0.tgz",
      "integrity": "sha512-UJ6eku9oq7toR7A2ybv/yHl2ekA8AYQeGFjd0daG4lQntSy8o1hRNMESS7vakpzTG89D+EZfjMGYjZEJ4uETpw==",
      "requires": {
        "@babel/runtime": "^7.9.2",
        "ramda": "^0.25.0"
      }
    },
    "@fusioncharts/widgets": {
      "version": "3.19.0",
      "resolved": "https://registry.npmjs.org/@fusioncharts/widgets/-/widgets-3.19.0.tgz",
      "integrity": "sha512-/fGsoGqTeNzZGym+EB0dA8fTXof2k0OMxoHQ95MchnX9g1w5SD67q6xlrvT/titN+XDxo/KwHx7MFPcS5ktisg==",
      "requires": {
        "@babel/runtime": "^7.9.2",
        "@fusioncharts/charts": "^3.19.0",
        "@fusioncharts/constructor": "^1.6.0",
        "@fusioncharts/core": "^1.6.0",
        "@fusioncharts/features": "^1.6.0",
        "@fusioncharts/utils": "^1.6.0"
      }
    },
    "@kurkle/color": {
      "version": "0.3.2",
      "resolved": "https://registry.npmjs.org/@kurkle/color/-/color-0.3.2.tgz",
      "integrity": "sha512-fuscdXJ9G1qb7W8VdHi+IwRqij3lBkosAm4ydQtEmbY58OzHXqQhvlxqEkoz0yssNVn38bcpRWgA9PP+OGoisw=="
    },
    "@syncfusion/ej2-base": {
      "version": "16.3.34",
      "resolved": "https://registry.npmjs.org/@syncfusion/ej2-base/-/ej2-base-16.3.34.tgz",
      "integrity": "sha512-iitGiTjauGsZ1HCLM84Gkbr4qvFgTXguU6SGOqhpoVX3EltaX8tkbZsgEtDHoVaV8uFygis20/9SuZHnjTcPBA=="
    },
    "@syncfusion/ej2-buttons": {
      "version": "16.3.34",
      "resolved": "https://registry.npmjs.org/@syncfusion/ej2-buttons/-/ej2-buttons-16.3.34.tgz",
      "integrity": "sha512-chdCZWEOB8r9jFEgivUO0Lf9HuhTKvoUKjNAC3wrs5aHlYngX4E1XDO+vLI2arEsGy7sqG0kuJzZN0Qlf5r7OA==",
      "requires": {
        "@syncfusion/ej2-base": "~16.3.34"
      }
    },
    "@syncfusion/ej2-calendars": {
      "version": "16.3.34",
      "resolved": "https://registry.npmjs.org/@syncfusion/ej2-calendars/-/ej2-calendars-16.3.34.tgz",
      "integrity": "sha512-/ZqHTJw3l+GQOm4As86r5IVJNgaRmdtqiWZ+HSTns8am69ww9KO0yGWnEsSdxg4ll5IqmLh9jdvRPjXvIeu4PA==",
      "requires": {
        "@syncfusion/ej2-base": "~16.3.34",
        "@syncfusion/ej2-buttons": "~16.3.34",
        "@syncfusion/ej2-inputs": "~16.3.34",
        "@syncfusion/ej2-lists": "~16.3.34",
        "@syncfusion/ej2-popups": "~16.3.34"
      }
    },
    "@syncfusion/ej2-charts": {
      "version": "16.3.17",
      "resolved": "https://registry.npmjs.org/@syncfusion/ej2-charts/-/ej2-charts-16.3.17.tgz",
      "integrity": "sha512-TQqjuYQtIHn0+zVolvv9nosx4yTZmj7T0tFKbiCx4kxr8J9NaHz2yFZc6LMCu3CAydSOqPYsVToYLCw9WJWs0g==",
      "requires": {
        "@syncfusion/ej2-base": "~16.3.17",
        "@syncfusion/ej2-calendars": "~16.3.17",
        "@syncfusion/ej2-compression": "~16.3.17",
        "@syncfusion/ej2-data": "~16.3.17",
        "@syncfusion/ej2-file-utils": "~16.3.17",
        "@syncfusion/ej2-navigations": "~16.3.17",
        "@syncfusion/ej2-pdf-export": "~16.3.17",
        "@syncfusion/ej2-svg-base": "~16.3.17"
      }
    },
    "@syncfusion/ej2-compression": {
      "version": "16.3.34",
      "resolved": "https://registry.npmjs.org/@syncfusion/ej2-compression/-/ej2-compression-16.3.34.tgz",
      "integrity": "sha512-VAd5b18+cNGS4v5ko/tP5yyTyq0EykCoJyNapDj8AcmO2vYXqQVRqRV0/Wkvf77zQNzVgFiglAcBRWn5e0fezg==",
      "requires": {
        "@syncfusion/ej2-file-utils": "~16.3.34"
      }
    },
    "@syncfusion/ej2-data": {
      "version": "16.3.34",
      "resolved": "https://registry.npmjs.org/@syncfusion/ej2-data/-/ej2-data-16.3.34.tgz",
      "integrity": "sha512-SNufjj242WAYAxVE3GYo+OA8KIMiURBkvWkman/CA3X1jpZ7L+Wrqddfj2dpsAg6W6vl2r+d1YjUPExD5uteKA==",
      "requires": {
        "@syncfusion/ej2-base": "~16.3.34"
      }
    },
    "@syncfusion/ej2-file-utils": {
      "version": "16.3.34",
      "resolved": "https://registry.npmjs.org/@syncfusion/ej2-file-utils/-/ej2-file-utils-16.3.34.tgz",
      "integrity": "sha512-ZfoGc0F+SkznHsW6wedK1THB+nlDAnvgpwHDJ34VcxQ1nVPn82whH4hJjBtdCrUPxLDviRa+xe/5MBZJu+/S4Q=="
    },
    "@syncfusion/ej2-inputs": {
      "version": "16.3.34",
      "resolved": "https://registry.npmjs.org/@syncfusion/ej2-inputs/-/ej2-inputs-16.3.34.tgz",
      "integrity": "sha512-9JsiaePw0CyCLKGeCbv5mmwmsCAUpjsceY/jNLrXBHjtvUUb3UZx1h+1d0qJ9eWvgHoEqf+iSstt6+aVKlfG+A==",
      "requires": {
        "@syncfusion/ej2-base": "~16.3.34",
        "@syncfusion/ej2-buttons": "~16.3.34",
        "@syncfusion/ej2-popups": "~16.3.34",
        "@syncfusion/ej2-splitbuttons": "~16.3.34"
      }
    },
    "@syncfusion/ej2-lists": {
      "version": "16.3.34",
      "resolved": "https://registry.npmjs.org/@syncfusion/ej2-lists/-/ej2-lists-16.3.34.tgz",
      "integrity": "sha512-E3ab0JNc2KPb0KLEyT3vAmkFKbth9vI23ju51+9DD5Vk76JbowqWWOkhcrwc2I8uWWTjXcJLOns/E2e3KBYbvA==",
      "requires": {
        "@syncfusion/ej2-base": "~16.3.34",
        "@syncfusion/ej2-buttons": "~16.3.34",
        "@syncfusion/ej2-data": "~16.3.34"
      }
    },
    "@syncfusion/ej2-navigations": {
      "version": "16.3.34",
      "resolved": "https://registry.npmjs.org/@syncfusion/ej2-navigations/-/ej2-navigations-16.3.34.tgz",
      "integrity": "sha512-tiv6mUlBNGGLfCV33MDaBd6PepZuvZ+Ng4yDEX1UKc9OPbfGuDEhIOt3ztmPY8d73y1Vo1SC6J+/Jktj9Vm/AA==",
      "requires": {
        "@syncfusion/ej2-base": "~16.3.34",
        "@syncfusion/ej2-buttons": "~16.3.34",
        "@syncfusion/ej2-data": "~16.3.34",
        "@syncfusion/ej2-inputs": "~16.3.34",
        "@syncfusion/ej2-lists": "~16.3.34",
        "@syncfusion/ej2-popups": "~16.3.34"
      }
    },
    "@syncfusion/ej2-ng-base": {
      "version": "16.3.17",
      "resolved": "https://registry.npmjs.org/@syncfusion/ej2-ng-base/-/ej2-ng-base-16.3.17.tgz",
      "integrity": "sha512-XUk0BLK7YDO+kHaDcuX7QvKia++SwOrfp0K/vEvFNCyA7TpGm2Hl98PuJXMIPJu7CaL9naD0ndg1DikgoY5O8w==",
      "requires": {
        "@syncfusion/ej2-base": "~16.3.17",
        "core-js": "^2.4.1",
        "reflect-metadata": "^0.1.9",
        "rxjs": "^5.0.0",
        "zone.js": "^0.7.2"
      },
      "dependencies": {
        "zone.js": {
          "version": "0.7.8",
          "resolved": "https://registry.npmjs.org/zone.js/-/zone.js-0.7.8.tgz",
          "integrity": "sha512-u7Hdq+ZRTN/fxoa/G/IYNhkTqUlFODtJIc7iE1EAhhsnjRa/NroQ2ApaKUiVu5W4fpXXjH17Ia7eUtF2sQKgsQ=="
        }
      }
    },
    "@syncfusion/ej2-ng-charts": {
      "version": "16.3.17",
      "resolved": "https://registry.npmjs.org/@syncfusion/ej2-ng-charts/-/ej2-ng-charts-16.3.17.tgz",
      "integrity": "sha512-UmZt7oVg3juhukNPEdkavT2iRTOXcORzZ53YJwAC2vz1PuMI+OdM4WxUIPKhE9HK1jKNXmn9MTay5khY44UN1g==",
      "requires": {
        "@syncfusion/ej2-base": "~16.3.17",
        "@syncfusion/ej2-charts": "16.3.17",
        "@syncfusion/ej2-ng-base": "~16.3.17"
      }
    },
    "@syncfusion/ej2-pdf-export": {
      "version": "16.3.34",
      "resolved": "https://registry.npmjs.org/@syncfusion/ej2-pdf-export/-/ej2-pdf-export-16.3.34.tgz",
      "integrity": "sha512-4wfLppe4qVnSw77EmNc62QKkiFeooKufgi0hiebDmQJ5hxyhYfjVaSaWmmrCv4UvynX01jnbdw6AFd1hb8IwLw==",
      "requires": {
        "@syncfusion/ej2-compression": "~16.3.34"
      }
    },
    "@syncfusion/ej2-popups": {
      "version": "16.3.34",
      "resolved": "https://registry.npmjs.org/@syncfusion/ej2-popups/-/ej2-popups-16.3.34.tgz",
      "integrity": "sha512-D6TfYUoQcztYVPFH1im+bjkoKRHvO6MZfxPBhBYerXZ2ueJ0JAkl+m8GphccRuvPX3lVovQoycG5KkqLDgA7VA==",
      "requires": {
        "@syncfusion/ej2-base": "~16.3.34",
        "@syncfusion/ej2-buttons": "~16.3.34"
      }
    },
    "@syncfusion/ej2-splitbuttons": {
      "version": "16.3.34",
      "resolved": "https://registry.npmjs.org/@syncfusion/ej2-splitbuttons/-/ej2-splitbuttons-16.3.34.tgz",
      "integrity": "sha512-vhZ6+NgC9ORSuPzdq/0veMWy0eW7OdMYbN70JSYP7Yby5PR1ySrCWpjqYHSUe65KJil2V5g2YgN7muMX7bNuOA==",
      "requires": {
        "@syncfusion/ej2-base": "~16.3.34",
        "@syncfusion/ej2-popups": "~16.3.34"
      }
    },
    "@syncfusion/ej2-svg-base": {
      "version": "16.3.34",
      "resolved": "https://registry.npmjs.org/@syncfusion/ej2-svg-base/-/ej2-svg-base-16.3.34.tgz",
      "integrity": "sha512-XAHqPFGEkDVWqVeYKc2k5RARKh+H9Z5BAvFH3SVYa9D5oIFHN3IqVOMOoBvyCoIX/guQJrhqajrp0xVmk9lVjA==",
      "requires": {
        "@syncfusion/ej2-base": "~16.3.34"
      }
    },
    "@types/fusioncharts": {
      "version": "3.12.3",
      "resolved": "https://registry.npmjs.org/@types/fusioncharts/-/fusioncharts-3.12.3.tgz",
      "integrity": "sha512-PBJu84R9ujRJp4kfXfVUQLYHt/M0VF/ah6NE/mVpXLKhtWlTwqH3utoUtNQzOhFcKe/17QH35htS76h05emT9Q==",
      "requires": {
        "fusioncharts": "*"
      }
    },
    "@types/raf": {
      "version": "3.4.0",
      "resolved": "https://registry.npmjs.org/@types/raf/-/raf-3.4.0.tgz",
      "integrity": "sha512-taW5/WYqo36N7V39oYyHP9Ipfd5pNFvGTIQsNGj86xV88YQ7GnI30/yMfKDF7Zgin0m3e+ikX88FvImnK4RjGw==",
      "optional": true
    },
    "angular2-fusioncharts": {
      "version": "1.0.3",
      "resolved": "https://registry.npmjs.org/angular2-fusioncharts/-/angular2-fusioncharts-1.0.3.tgz",
      "integrity": "sha512-7Xj26ymZo5WzqLFBEATGEFghGodV5ufKtH/3P69rWlDPeWlDET0uzJrxBCdmxFaiuV09KNwjIX89qLiWfOEztA==",
      "requires": {
        "@types/fusioncharts": "^3.11.0",
        "fusioncharts": "^3.12.1"
      }
    },
    "ansi-regex": {
      "version": "5.0.1",
      "resolved": "https://registry.npmjs.org/ansi-regex/-/ansi-regex-5.0.1.tgz",
      "integrity": "sha512-quJQXlTSUGL2LH9SUXo8VwsY4soanhgo6LNSm84E1LBcE8s3O0wpdiRzyR9z/ZZJMlMWv37qOOb9pdJlMUEKFQ==",
      "dev": true
    },
    "ansi-styles": {
      "version": "4.3.0",
      "resolved": "https://registry.npmjs.org/ansi-styles/-/ansi-styles-4.3.0.tgz",
      "integrity": "sha512-zbB9rCJAT1rbjiVDb2hqKFHNYLxgtk8NURxZ3IZwD3F6NtxbXZQCnnSi1Lkx+IDohdPlFp222wVALIheZJQSEg==",
      "dev": true,
      "requires": {
        "color-convert": "^2.0.1"
      }
    },
    "atob": {
      "version": "2.1.2",
      "resolved": "https://registry.npmjs.org/atob/-/atob-2.1.2.tgz",
      "integrity": "sha512-Wm6ukoaOGJi/73p/cl2GvLjTI5JM1k/O14isD73YML8StrH/7/lRFgmg8nICZgD3bZZvjwCGxtMOD3wWNAu8cg=="
    },
    "base64-arraybuffer": {
      "version": "1.0.2",
      "resolved": "https://registry.npmjs.org/base64-arraybuffer/-/base64-arraybuffer-1.0.2.tgz",
      "integrity": "sha512-I3yl4r9QB5ZRY3XuJVEPfc2XhZO6YweFPI+UovAzn+8/hb3oJ6lnysaFcjVpkCPfVWFUDvoZ8kmVDP7WyRtYtQ==",
      "optional": true
    },
    "btoa": {
      "version": "1.2.1",
      "resolved": "https://registry.npmjs.org/btoa/-/btoa-1.2.1.tgz",
      "integrity": "sha512-SB4/MIGlsiVkMcHmT+pSmIPoNDoHg+7cMzmt3Uxt628MTz2487DKSqK/fuhFBrkuqrYv5UCEnACpF4dTFNKc/g=="
    },
    "canvg": {
      "version": "3.0.10",
      "resolved": "https://registry.npmjs.org/canvg/-/canvg-3.0.10.tgz",
      "integrity": "sha512-qwR2FRNO9NlzTeKIPIKpnTY6fqwuYSequ8Ru8c0YkYU7U0oW+hLUvWadLvAu1Rl72OMNiFhoLu4f8eUjQ7l/+Q==",
      "optional": true,
      "requires": {
        "@babel/runtime": "^7.12.5",
        "@types/raf": "^3.4.0",
        "core-js": "^3.8.3",
        "raf": "^3.4.1",
        "regenerator-runtime": "^0.13.7",
        "rgbcolor": "^1.0.1",
        "stackblur-canvas": "^2.0.0",
        "svg-pathdata": "^6.0.3"
      },
      "dependencies": {
        "core-js": {
          "version": "3.29.0",
          "resolved": "https://registry.npmjs.org/core-js/-/core-js-3.29.0.tgz",
          "integrity": "sha512-VG23vuEisJNkGl6XQmFJd3rEG/so/CNatqeE+7uZAwTSwFeB/qaO0be8xZYUNWprJ/GIwL8aMt9cj1kvbpTZhg==",
          "optional": true
        }
      }
    },
    "chalk": {
      "version": "4.1.2",
      "resolved": "https://registry.npmjs.org/chalk/-/chalk-4.1.2.tgz",
      "integrity": "sha512-oKnbhFyRIXpUuez8iBMmyEa4nbj4IOQyuhc/wy9kY7/WVPcwIO9VA668Pu8RkO7+0G76SLROeyw9CpQ061i4mA==",
      "dev": true,
      "requires": {
        "ansi-styles": "^4.1.0",
        "supports-color": "^7.1.0"
      },
      "dependencies": {
        "supports-color": {
          "version": "7.2.0",
          "resolved": "https://registry.npmjs.org/supports-color/-/supports-color-7.2.0.tgz",
          "integrity": "sha512-qpCAvRl9stuOHveKsn7HncJRvv501qIacKzQlO/+Lwxc9+0q2wLyv4Dfvt80/DPn2pqOBsJdDiogXGR9+OvwRw==",
          "dev": true,
          "requires": {
            "has-flag": "^4.0.0"
          }
        }
      }
    },
    "chart.js": {
      "version": "4.2.1",
      "resolved": "https://registry.npmjs.org/chart.js/-/chart.js-4.2.1.tgz",
      "integrity": "sha512-6YbpQ0nt3NovAgOzbkSSeeAQu/3za1319dPUQTXn9WcOpywM8rGKxJHrhS8V8xEkAlk8YhEfjbuAPfUyp6jIsw==",
      "requires": {
        "@kurkle/color": "^0.3.0"
      }
    },
    "cliui": {
      "version": "8.0.1",
      "resolved": "https://registry.npmjs.org/cliui/-/cliui-8.0.1.tgz",
      "integrity": "sha512-BSeNnyus75C4//NQ9gQt1/csTXyo/8Sb+afLAkzAptFuMsod9HFokGNudZpi/oQV73hnVK+sR+5PVRMd+Dr7YQ==",
      "dev": true,
      "requires": {
        "string-width": "^4.2.0",
        "strip-ansi": "^6.0.1",
        "wrap-ansi": "^7.0.0"
      }
    },
    "color-convert": {
      "version": "2.0.1",
      "resolved": "https://registry.npmjs.org/color-convert/-/color-convert-2.0.1.tgz",
      "integrity": "sha512-RRECPsj7iu/xb5oKYcsFHSppFNnsj/52OVTRKb4zP5onXwVF3zVmmToNcOfGC+CRDpfK/U584fMg38ZHCaElKQ==",
      "dev": true,
      "requires": {
        "color-name": "~1.1.4"
      }
    },
    "color-name": {
      "version": "1.1.4",
      "resolved": "https://registry.npmjs.org/color-name/-/color-name-1.1.4.tgz",
      "integrity": "sha512-dOy+3AuW3a2wNbZHIuMZpTcgjGuLU/uBL/ubcZF9OXbDo8ff4O8yVp5Bf0efS8uEoYo5q4Fx7dY9OgQGXgAsQA==",
      "dev": true
    },
    "concurrently": {
      "version": "7.6.0",
      "resolved": "https://registry.npmjs.org/concurrently/-/concurrently-7.6.0.tgz",
      "integrity": "sha512-BKtRgvcJGeZ4XttiDiNcFiRlxoAeZOseqUvyYRUp/Vtd+9p1ULmeoSqGsDA+2ivdeDFpqrJvGvmI+StKfKl5hw==",
      "dev": true,
      "requires": {
        "chalk": "^4.1.0",
        "date-fns": "^2.29.1",
        "lodash": "^4.17.21",
        "rxjs": "^7.0.0",
        "shell-quote": "^1.7.3",
        "spawn-command": "^0.0.2-1",
        "supports-color": "^8.1.0",
        "tree-kill": "^1.2.2",
        "yargs": "^17.3.1"
      },
      "dependencies": {
        "rxjs": {
          "version": "7.8.0",
          "resolved": "https://registry.npmjs.org/rxjs/-/rxjs-7.8.0.tgz",
          "integrity": "sha512-F2+gxDshqmIub1KdvZkaEfGDwLNpPvk9Fs6LD/MyQxNgMds/WH9OdDDXOmxUZpME+iSK3rQCctkL0DYyytUqMg==",
          "dev": true,
          "requires": {
            "tslib": "^2.1.0"
          }
        }
      }
    },
    "core-js": {
      "version": "2.6.12",
      "resolved": "https://registry.npmjs.org/core-js/-/core-js-2.6.12.tgz",
      "integrity": "sha512-Kb2wC0fvsWfQrgk8HU5lW6U/Lcs8+9aaYcy4ZFc6DDlo4nZ7n70dEgE5rtR0oG6ufKDUnrwfWL1mXR5ljDatrQ=="
    },
    "css-line-break": {
      "version": "2.1.0",
      "resolved": "https://registry.npmjs.org/css-line-break/-/css-line-break-2.1.0.tgz",
      "integrity": "sha512-FHcKFCZcAha3LwfVBhCQbW2nCNbkZXn7KVUJcsT5/P8YmfsVja0FMPJr0B903j/E69HUphKiV9iQArX8SDYA4w==",
      "optional": true,
      "requires": {
        "utrie": "^1.0.2"
      }
    },
    "date-fns": {
      "version": "2.29.3",
      "resolved": "https://registry.npmjs.org/date-fns/-/date-fns-2.29.3.tgz",
      "integrity": "sha512-dDCnyH2WnnKusqvZZ6+jA1O51Ibt8ZMRNkDZdyAyK4YfbDwa/cEmuztzG5pk6hqlp9aSBPYcjOlktquahGwGeA==",
      "dev": true
    },
    "dompurify": {
      "version": "2.4.4",
      "resolved": "https://registry.npmjs.org/dompurify/-/dompurify-2.4.4.tgz",
      "integrity": "sha512-1e2SpqHiRx4DPvmRuXU5J0di3iQACwJM+mFGE2HAkkK7Tbnfk9WcghcAmyWc9CRrjyRRUpmuhPUH6LphQQR3EQ==",
      "optional": true
    },
    "emoji-regex": {
      "version": "8.0.0",
      "resolved": "https://registry.npmjs.org/emoji-regex/-/emoji-regex-8.0.0.tgz",
      "integrity": "sha512-MSjYzcWNOA0ewAHpz0MxpYFvwg6yjy1NG3xteoqz644VCo/RPgnr1/GGt+ic3iJTzQ8Eu3TdM14SawnVUmGE6A==",
      "dev": true
    },
    "escalade": {
      "version": "3.1.1",
      "resolved": "https://registry.npmjs.org/escalade/-/escalade-3.1.1.tgz",
      "integrity": "sha512-k0er2gUkLf8O0zKJiAhmkTnJlTvINGv7ygDNPbeIsX/TJjGJZHuh9B2UxbsaEkmlEo9MfhrSzmhIlhRlI2GXnw==",
      "dev": true
    },
    "fflate": {
      "version": "0.4.8",
      "resolved": "https://registry.npmjs.org/fflate/-/fflate-0.4.8.tgz",
      "integrity": "sha512-FJqqoDBR00Mdj9ppamLa/Y7vxm+PRmNWA67N846RvsoYVMKB4q3y/de5PA7gUmRMYK/8CMz2GDZQmCRN1wBcWA=="
    },
    "fusioncharts": {
      "version": "3.19.0",
      "resolved": "https://registry.npmjs.org/fusioncharts/-/fusioncharts-3.19.0.tgz",
      "integrity": "sha512-1WYOa3q+Hla04PA2aPQmpoOTyRNBaA8FK7rSDeC7l9w9DS6cBqGM6HNpxloFtYlHwB0dH+K1z15pPHNdGmfJFQ==",
      "requires": {
        "@babel/runtime": "^7.9.2",
        "@fusioncharts/accessibility": "^1.6.0",
        "@fusioncharts/charts": "^3.19.0",
        "@fusioncharts/constructor": "^1.6.0",
        "@fusioncharts/core": "^1.6.0",
        "@fusioncharts/datatable": "^1.6.0",
        "@fusioncharts/features": "^1.6.0",
        "@fusioncharts/fusiontime": "^2.7.0",
        "@fusioncharts/maps": "^3.19.0",
        "@fusioncharts/powercharts": "^3.19.0",
        "@fusioncharts/utils": "^1.6.0",
        "@fusioncharts/widgets": "^3.19.0",
        "mutationobserver-shim": "^0.3.5",
        "promise-polyfill": "^8.1.3"
      }
    },
    "get-caller-file": {
      "version": "2.0.5",
      "resolved": "https://registry.npmjs.org/get-caller-file/-/get-caller-file-2.0.5.tgz",
      "integrity": "sha512-DyFP3BM/3YHTQOCUL/w0OZHR0lpKeGrxotcHWcqNEdnltqFwXVfhEBQ94eIo34AfQpo0rGki4cyIiftY06h2Fg==",
      "dev": true
    },
    "has-flag": {
      "version": "4.0.0",
      "resolved": "https://registry.npmjs.org/has-flag/-/has-flag-4.0.0.tgz",
      "integrity": "sha512-EykJT/Q1KjTWctppgIAgfSO0tKVuZUjhgMr17kqTumMl6Afv3EISleU7qZUzoXDFTAHTDC4NOoG/ZxU3EvlMPQ==",
      "dev": true
    },
    "html2canvas": {
      "version": "1.4.1",
      "resolved": "https://registry.npmjs.org/html2canvas/-/html2canvas-1.4.1.tgz",
      "integrity": "sha512-fPU6BHNpsyIhr8yyMpTLLxAbkaK8ArIBcmZIRiBLiDhjeqvXolaEmDGmELFuX9I4xDcaKKcJl+TKZLqruBbmWA==",
      "optional": true,
      "requires": {
        "css-line-break": "^2.1.0",
        "text-segmentation": "^1.0.3"
      }
    },
    "is-fullwidth-code-point": {
      "version": "3.0.0",
      "resolved": "https://registry.npmjs.org/is-fullwidth-code-point/-/is-fullwidth-code-point-3.0.0.tgz",
      "integrity": "sha512-zymm5+u+sCsSWyD9qNaejV3DFvhCKclKdizYaJUuHA83RLjb7nSuGnddCHGv0hk+KY7BMAlsWeK4Ueg6EV6XQg==",
      "dev": true
    },
    "jspdf": {
      "version": "2.5.1",
      "resolved": "https://registry.npmjs.org/jspdf/-/jspdf-2.5.1.tgz",
      "integrity": "sha512-hXObxz7ZqoyhxET78+XR34Xu2qFGrJJ2I2bE5w4SM8eFaFEkW2xcGRVUss360fYelwRSid/jT078kbNvmoW0QA==",
      "requires": {
        "@babel/runtime": "^7.14.0",
        "atob": "^2.1.2",
        "btoa": "^1.2.1",
        "canvg": "^3.0.6",
        "core-js": "^3.6.0",
        "dompurify": "^2.2.0",
        "fflate": "^0.4.8",
        "html2canvas": "^1.0.0-rc.5"
      },
      "dependencies": {
        "core-js": {
          "version": "3.29.0",
          "resolved": "https://registry.npmjs.org/core-js/-/core-js-3.29.0.tgz",
          "integrity": "sha512-VG23vuEisJNkGl6XQmFJd3rEG/so/CNatqeE+7uZAwTSwFeB/qaO0be8xZYUNWprJ/GIwL8aMt9cj1kvbpTZhg==",
          "optional": true
        }
      }
    },
    "lodash": {
      "version": "4.17.21",
      "resolved": "https://registry.npmjs.org/lodash/-/lodash-4.17.21.tgz",
      "integrity": "sha512-v2kDEe57lecTulaDIuNTPy3Ry4gLGJ6Z1O3vE1krgXZNrsQ+LFTGHVxVjcXPs17LhbZVGedAJv8XZ1tvj5FvSg==",
      "dev": true
    },
    "mutationobserver-shim": {
      "version": "0.3.7",
      "resolved": "https://registry.npmjs.org/mutationobserver-shim/-/mutationobserver-shim-0.3.7.tgz",
      "integrity": "sha512-oRIDTyZQU96nAiz2AQyngwx1e89iApl2hN5AOYwyxLUB47UYsU3Wv9lJWqH5y/QdiYkc5HQLi23ZNB3fELdHcQ=="
    },
    "performance-now": {
      "version": "2.1.0",
      "resolved": "https://registry.npmjs.org/performance-now/-/performance-now-2.1.0.tgz",
      "integrity": "sha512-7EAHlyLHI56VEIdK57uwHdHKIaAGbnXPiw0yWbarQZOKaKpvUIgW0jWRVLiatnM+XXlSwsanIBH/hzGMJulMow==",
      "optional": true
    },
    "promise-polyfill": {
      "version": "8.3.0",
      "resolved": "https://registry.npmjs.org/promise-polyfill/-/promise-polyfill-8.3.0.tgz",
      "integrity": "sha512-H5oELycFml5yto/atYqmjyigJoAo3+OXwolYiH7OfQuYlAqhxNvTfiNMbV9hsC6Yp83yE5r2KTVmtrG6R9i6Pg=="
    },
    "raf": {
      "version": "3.4.1",
      "resolved": "https://registry.npmjs.org/raf/-/raf-3.4.1.tgz",
      "integrity": "sha512-Sq4CW4QhwOHE8ucn6J34MqtZCeWFP2aQSmrlroYgqAV1PjStIhJXxYuTgUIfkEk7zTLjmIjLmU5q+fbD1NnOJA==",
      "optional": true,
      "requires": {
        "performance-now": "^2.1.0"
      }
    },
    "ramda": {
      "version": "0.25.0",
      "resolved": "https://registry.npmjs.org/ramda/-/ramda-0.25.0.tgz",
      "integrity": "sha512-GXpfrYVPwx3K7RQ6aYT8KPS8XViSXUVJT1ONhoKPE9VAleW42YE+U+8VEyGWt41EnEQW7gwecYJriTI0pKoecQ=="
    },
    "reflect-metadata": {
      "version": "0.1.13",
      "resolved": "https://registry.npmjs.org/reflect-metadata/-/reflect-metadata-0.1.13.tgz",
      "integrity": "sha512-Ts1Y/anZELhSsjMcU605fU9RE4Oi3p5ORujwbIKXfWa+0Zxs510Qrmrce5/Jowq3cHSZSJqBjypxmHarc+vEWg=="
    },
    "regenerator-runtime": {
      "version": "0.13.11",
      "resolved": "https://registry.npmjs.org/regenerator-runtime/-/regenerator-runtime-0.13.11.tgz",
      "integrity": "sha512-kY1AZVr2Ra+t+piVaJ4gxaFaReZVH40AKNo7UCX6W+dEwBo/2oZJzqfuN1qLq1oL45o56cPaTXELwrTh8Fpggg=="
    },
    "require-directory": {
      "version": "2.1.1",
      "resolved": "https://registry.npmjs.org/require-directory/-/require-directory-2.1.1.tgz",
      "integrity": "sha512-fGxEI7+wsG9xrvdjsrlmL22OMTTiHRwAMroiEeMgq8gzoLC/PQr7RsRDSTLUg/bZAZtF+TVIkHc6/4RIKrui+Q==",
      "dev": true
    },
    "rgbcolor": {
      "version": "1.0.1",
      "resolved": "https://registry.npmjs.org/rgbcolor/-/rgbcolor-1.0.1.tgz",
      "integrity": "sha512-9aZLIrhRaD97sgVhtJOW6ckOEh6/GnvQtdVNfdZ6s67+3/XwLS9lBcQYzEEhYVeUowN7pRzMLsyGhK2i/xvWbw==",
      "optional": true
    },
    "rxjs": {
      "version": "5.5.12",
      "resolved": "https://registry.npmjs.org/rxjs/-/rxjs-5.5.12.tgz",
      "integrity": "sha512-xx2itnL5sBbqeeiVgNPVuQQ1nC8Jp2WfNJhXWHmElW9YmrpS9UVnNzhP3EH3HFqexO5Tlp8GhYY+WEcqcVMvGw==",
      "requires": {
        "symbol-observable": "1.0.1"
      }
    },
    "shell-quote": {
      "version": "1.8.0",
      "resolved": "https://registry.npmjs.org/shell-quote/-/shell-quote-1.8.0.tgz",
      "integrity": "sha512-QHsz8GgQIGKlRi24yFc6a6lN69Idnx634w49ay6+jA5yFh7a1UY+4Rp6HPx/L/1zcEDPEij8cIsiqR6bQsE5VQ==",
      "dev": true
    },
    "spawn-command": {
      "version": "0.0.2-1",
      "resolved": "https://registry.npmjs.org/spawn-command/-/spawn-command-0.0.2-1.tgz",
      "integrity": "sha512-n98l9E2RMSJ9ON1AKisHzz7V42VDiBQGY6PB1BwRglz99wpVsSuGzQ+jOi6lFXBGVTCrRpltvjm+/XA+tpeJrg==",
      "dev": true
    },
    "stackblur-canvas": {
      "version": "2.5.0",
      "resolved": "https://registry.npmjs.org/stackblur-canvas/-/stackblur-canvas-2.5.0.tgz",
      "integrity": "sha512-EeNzTVfj+1In7aSLPKDD03F/ly4RxEuF/EX0YcOG0cKoPXs+SLZxDawQbexQDBzwROs4VKLWTOaZQlZkGBFEIQ==",
      "optional": true
    },
    "string-width": {
      "version": "4.2.3",
      "resolved": "https://registry.npmjs.org/string-width/-/string-width-4.2.3.tgz",
      "integrity": "sha512-wKyQRQpjJ0sIp62ErSZdGsjMJWsap5oRNihHhu6G7JVO/9jIB6UyevL+tXuOqrng8j/cxKTWyWUwvSTriiZz/g==",
      "dev": true,
      "requires": {
        "emoji-regex": "^8.0.0",
        "is-fullwidth-code-point": "^3.0.0",
        "strip-ansi": "^6.0.1"
      }
    },
    "strip-ansi": {
      "version": "6.0.1",
      "resolved": "https://registry.npmjs.org/strip-ansi/-/strip-ansi-6.0.1.tgz",
      "integrity": "sha512-Y38VPSHcqkFrCpFnQ9vuSXmquuv5oXOKpGeT6aGrr3o3Gc9AlVa6JBfUSOCnbxGGZF+/0ooI7KrPuUSztUdU5A==",
      "dev": true,
      "requires": {
        "ansi-regex": "^5.0.1"
      }
    },
    "supports-color": {
      "version": "8.1.1",
      "resolved": "https://registry.npmjs.org/supports-color/-/supports-color-8.1.1.tgz",
      "integrity": "sha512-MpUEN2OodtUzxvKQl72cUF7RQ5EiHsGvSsVG0ia9c5RbWGL2CI4C7EpPS8UTBIplnlzZiNuV56w+FuNxy3ty2Q==",
      "dev": true,
      "requires": {
        "has-flag": "^4.0.0"
      }
    },
    "svg-pathdata": {
      "version": "6.0.3",
      "resolved": "https://registry.npmjs.org/svg-pathdata/-/svg-pathdata-6.0.3.tgz",
      "integrity": "sha512-qsjeeq5YjBZ5eMdFuUa4ZosMLxgr5RZ+F+Y1OrDhuOCEInRMA3x74XdBtggJcj9kOeInz0WE+LgCPDkZFlBYJw==",
      "optional": true
    },
    "symbol-observable": {
      "version": "1.0.1",
      "resolved": "https://registry.npmjs.org/symbol-observable/-/symbol-observable-1.0.1.tgz",
      "integrity": "sha512-Kb3PrPYz4HanVF1LVGuAdW6LoVgIwjUYJGzFe7NDrBLCN4lsV/5J0MFurV+ygS4bRVwrCEt2c7MQ1R2a72oJDw=="
    },
    "text-segmentation": {
      "version": "1.0.3",
      "resolved": "https://registry.npmjs.org/text-segmentation/-/text-segmentation-1.0.3.tgz",
      "integrity": "sha512-iOiPUo/BGnZ6+54OsWxZidGCsdU8YbE4PSpdPinp7DeMtUJNJBoJ/ouUSTJjHkh1KntHaltHl/gDs2FC4i5+Nw==",
      "optional": true,
      "requires": {
        "utrie": "^1.0.2"
      }
    },
    "tree-kill": {
      "version": "1.2.2",
      "resolved": "https://registry.npmjs.org/tree-kill/-/tree-kill-1.2.2.tgz",
      "integrity": "sha512-L0Orpi8qGpRG//Nd+H90vFB+3iHnue1zSSGmNOOCh1GLJ7rUKVwV2HvijphGQS2UmhUZewS9VgvxYIdgr+fG1A==",
      "dev": true
    },
    "tslib": {
      "version": "2.5.0",
      "resolved": "https://registry.npmjs.org/tslib/-/tslib-2.5.0.tgz",
      "integrity": "sha512-336iVw3rtn2BUK7ORdIAHTyxHGRIHVReokCR3XjbckJMK7ms8FysBfhLR8IXnAgy7T0PTPNBWKiH514FOW/WSg==",
      "dev": true
    },
    "utrie": {
      "version": "1.0.2",
      "resolved": "https://registry.npmjs.org/utrie/-/utrie-1.0.2.tgz",
      "integrity": "sha512-1MLa5ouZiOmQzUbjbu9VmjLzn1QLXBhwpUa7kdLUQK+KQ5KA9I1vk5U4YHe/X2Ch7PYnJfWuWT+VbuxbGwljhw==",
      "optional": true,
      "requires": {
        "base64-arraybuffer": "^1.0.2"
      }
    },
    "wrap-ansi": {
      "version": "7.0.0",
      "resolved": "https://registry.npmjs.org/wrap-ansi/-/wrap-ansi-7.0.0.tgz",
      "integrity": "sha512-YVGIj2kamLSTxw6NsZjoBxfSwsn0ycdesmc4p+Q21c5zPuZ1pl+NfxVdxPtdHvmNVOQ6XSYG4AUtyt/Fi7D16Q==",
      "dev": true,
      "requires": {
        "ansi-styles": "^4.0.0",
        "string-width": "^4.1.0",
        "strip-ansi": "^6.0.0"
      }
    },
    "y18n": {
      "version": "5.0.8",
      "resolved": "https://registry.npmjs.org/y18n/-/y18n-5.0.8.tgz",
      "integrity": "sha512-0pfFzegeDWJHJIAmTLRP2DwHjdF5s7jo9tuztdQxAhINCdvS+3nGINqPd00AphqJR/0LhANUS6/+7SCb98YOfA==",
      "dev": true
    },
    "yargs": {
      "version": "17.7.1",
      "resolved": "https://registry.npmjs.org/yargs/-/yargs-17.7.1.tgz",
      "integrity": "sha512-cwiTb08Xuv5fqF4AovYacTFNxk62th7LKJ6BL9IGUpTJrWoU7/7WdQGTP2SjKf1dUNBGzDd28p/Yfs/GI6JrLw==",
      "dev": true,
      "requires": {
        "cliui": "^8.0.1",
        "escalade": "^3.1.1",
        "get-caller-file": "^2.0.5",
        "require-directory": "^2.1.1",
        "string-width": "^4.2.3",
        "y18n": "^5.0.5",
        "yargs-parser": "^21.1.1"
      }
    },
    "yargs-parser": {
      "version": "21.1.1",
      "resolved": "https://registry.npmjs.org/yargs-parser/-/yargs-parser-21.1.1.tgz",
      "integrity": "sha512-tVpsJW7DdjecAiFpbIB1e3qxIQsE6NoPc5/eTdrbbIC4h0LVsWhnoa3g+m2HclBIujHzsxZ4VJVA+GUuc2/LBw==",
      "dev": true
    }
  }
}
